
Microsoft Visual Studio Solution File, Format Version 12.00
# Visual Studio Version 17
VisualStudioVersion = 17.12.35527.113 d17.12
MinimumVisualStudioVersion = 10.0.40219.1
Project("{FAE04EC0-301F-11D3-BF4B-00C04F79EFBC}") = "Forum", "Forum.csproj", "{1E2F68B0-6D1A-44A3-9804-CC71F61EE2DD}"
EndProject
Global
	GlobalSection(SolutionConfigurationPlatforms) = preSolution
		Debug|Any CPU = Debug|Any CPU
		Release|Any CPU = Release|Any CPU
	EndGlobalSection
	GlobalSection(ProjectConfigurationPlatforms) = postSolution
		{1E2F68B0-6D1A-44A3-9804-CC71F61EE2DD}.Debug|Any CPU.ActiveCfg = Debug|Any CPU
		{1E2F68B0-6D1A-44A3-9804-CC71F61EE2DD}.Debug|Any CPU.Build.0 = Debug|Any CPU
		{1E2F68B0-6D1A-44A3-9804-CC71F61EE2DD}.Release|Any CPU.ActiveCfg = Release|Any CPU
		{1E2F68B0-6D1A-44A3-9804-CC71F61EE2DD}.Release|Any CPU.Build.0 = Release|Any CPU
	EndGlobalSection
	GlobalSection(SolutionProperties) = preSolution
		HideSolutionNode = FALSE
	EndGlobalSection
EndGlobal
